// !$*UTF8*$!
{
	archiveVersion = 1;
	classes = {
	};
	objectVersion = 46;
	objects = {

/* Begin PBXBuildFile section */
		8C74830F1C7A003D0094C71B /* AppDelegate.swift in Sources */ = {isa = PBXBuildFile; fileRef = 8C74830E1C7A003D0094C71B /* AppDelegate.swift */; };
		8C7483111C7A003D0094C71B /* ViewController.swift in Sources */ = {isa = PBXBuildFile; fileRef = 8C7483101C7A003D0094C71B /* ViewController.swift */; };
		8C7483141C7A003D0094C71B /* Main.storyboard in Resources */ = {isa = PBXBuildFile; fileRef = 8C7483121C7A003D0094C71B /* Main.storyboard */; };
		8C7483161C7A003D0094C71B /* Assets.xcassets in Resources */ = {isa = PBXBuildFile; fileRef = 8C7483151C7A003D0094C71B /* Assets.xcassets */; };
		8C7483191C7A003D0094C71B /* LaunchScreen.storyboard in Resources */ = {isa = PBXBuildFile; fileRef = 8C7483171C7A003D0094C71B /* LaunchScreen.storyboard */; };
		8C7483241C7A003D0094C71B /* Proyecto2Tests.swift in Sources */ = {isa = PBXBuildFile; fileRef = 8C7483231C7A003D0094C71B /* Proyecto2Tests.swift */; };
		8C74832F1C7A003D0094C71B /* Proyecto2UITests.swift in Sources */ = {isa = PBXBuildFile; fileRef = 8C74832E1C7A003D0094C71B /* Proyecto2UITests.swift */; };
/* End PBXBuildFile section */

/* Begin PBXContainerItemProxy section */
		8C7483201C7A003D0094C71B /* PBXContainerItemProxy */ = {
			isa = PBXContainerItemProxy;
			containerPortal = 8C7483031C7A003D0094C71B /* Project object */;
			proxyType = 1;
			remoteGlobalIDString = 8C74830A1C7A003D0094C71B;
			remoteInfo = Proyecto2;
		};
		8C74832B1C7A003D0094C71B /* PBXContainerItemProxy */ = {
			isa = PBXContainerItemProxy;
			containerPortal = 8C7483031C7A003D0094C71B /* Project object */;
			proxyType = 1;
			remoteGlobalIDString = 8C74830A1C7A003D0094C71B;
			remoteInfo = Proyecto2;
		};
/* End PBXContainerItemProxy section */

/* Begin PBXFileReference section */
		8C74830B1C7A003D0094C71B /* Proyecto2.app */ = {isa = PBXFileReference; explicitFileType = wrapper.application; includeInIndex = 0; path = Proyecto2.app; sourceTree = BUILT_PRODUCTS_DIR; };
		8C74830E1C7A003D0094C71B /* AppDelegate.swift */ = {isa = PBXFileReference; lastKnownFileType = sourcecode.swift; path = AppDelegate.swift; sourceTree = "<group>"; };
		8C7483101C7A003D0094C71B /* ViewController.swift */ = {isa = PBXFileReference; lastKnownFileType = sourcecode.swift; path = ViewController.swift; sourceTree = "<group>"; };
		8C7483131C7A003D0094C71B /* Base */ = {isa = PBXFileReference; lastKnownFileType = file.storyboard; name = Base; path = Base.lproj/Main.storyboard; sourceTree = "<group>"; };
		8C7483151C7A003D0094C71B /* Assets.xcassets */ = {isa = PBXFileReference; lastKnownFileType = folder.assetcatalog; path = Assets.xcassets; sourceTree = "<group>"; };
		8C7483181C7A003D0094C71B /* Base */ = {isa = PBXFileReference; lastKnownFileType = file.storyboard; name = Base; path = Base.lproj/LaunchScreen.storyboard; sourceTree = "<group>"; };
		8C74831A1C7A003D0094C71B /* Info.plist */ = {isa = PBXFileReference; lastKnownFileType = text.plist.xml; path = Info.plist; sourceTree = "<group>"; };
		8C74831F1C7A003D0094C71B /* Proyecto2Tests.xctest */ = {isa = PBXFileReference; explicitFileType = wrapper.cfbundle; includeInIndex = 0; path = Proyecto2Tests.xctest; sourceTree = BUILT_PRODUCTS_DIR; };
		8C7483231C7A003D0094C71B /* Proyecto2Tests.swift */ = {isa = PBXFileReference; lastKnownFileType = sourcecode.swift; path = Proyecto2Tests.swift; sourceTree = "<group>"; };
		8C7483251C7A003D0094C71B /* Info.plist */ = {isa = PBXFileReference; lastKnownFileType = text.plist.xml; path = Info.plist; sourceTree = "<group>"; };
		8C74832A1C7A003D0094C71B /* Proyecto2UITests.xctest */ = {isa = PBXFileReference; explicitFileType = wrapper.cfbundle; includeInIndex = 0; path = Proyecto2UITests.xctest; sourceTree = BUILT_PRODUCTS_DIR; };
		8C74832E1C7A003D0094C71B /* Proyecto2UITests.swift */ = {isa = PBXFileReference; lastKnownFileType = sourcecode.swift; path = Proyecto2UITests.swift; sourceTree = "<group>"; };
		8C7483301C7A003D0094C71B /* Info.plist */ = {isa = PBXFileReference; lastKnownFileType = text.plist.xml; path = Info.plist; sourceTree = "<group>"; };
/* End PBXFileReference section */

/* Begin PBXFrameworksBuildPhase section */
		8C7483081C7A003D0094C71B /* Frameworks */ = {
			isa = PBXFrameworksBuildPhase;
			buildActionMask = 2147483647;
			files = (
			);
			runOnlyForDeploymentPostprocessing = 0;
		};
		8C74831C1C7A003D0094C71B /* Frameworks */ = {
			isa = PBXFrameworksBuildPhase;
			buildActionMask = 2147483647;
			files = (
			);
			runOnlyForDeploymentPostprocessing = 0;
		};
		8C7483271C7A003D0094C71B /* Frameworks */ = {
			isa = PBXFrameworksBuildPhase;
			buildActionMask = 2147483647;
			files = (
			);
			runOnlyForDeploymentPostprocessing = 0;
		};
/* End PBXFrameworksBuildPhase section */

/* Begin PBXGroup section */
		8C7483021C7A003D0094C71B = {
			isa = PBXGroup;
			children = (
				8C74830D1C7A003D0094C71B /* Proyecto2 */,
				8C7483221C7A003D0094C71B /* Proyecto2Tests */,
				8C74832D1C7A003D0094C71B /* Proyecto2UITests */,
				8C74830C1C7A003D0094C71B /* Products */,
			);
			sourceTree = "<group>";
		};
		8C74830C1C7A003D0094C71B /* Products */ = {
			isa = PBXGroup;
			children = (
				8C74830B1C7A003D0094C71B /* Proyecto2.app */,
				8C74831F1C7A003D0094C71B /* Proyecto2Tests.xctest */,
				8C74832A1C7A003D0094C71B /* Proyecto2UITests.xctest */,
			);
			name = Products;
			sourceTree = "<group>";
		};
		8C74830D1C7A003D0094C71B /* Proyecto2 */ = {
			isa = PBXGroup;
			children = (
				8C74830E1C7A003D0094C71B /* AppDelegate.swift */,
				8C7483101C7A003D0094C71B /* ViewController.swift */,
				8C7483121C7A003D0094C71B /* Main.storyboard */,
				8C7483151C7A003D0094C71B /* Assets.xcassets */,
				8C7483171C7A003D0094C71B /* LaunchScreen.storyboard */,
				8C74831A1C7A003D0094C71B /* Info.plist */,
			);
			path = Proyecto2;
			sourceTree = "<group>";
		};
		8C7483221C7A003D0094C71B /* Proyecto2Tests */ = {
			isa = PBXGroup;
			children = (
				8C7483231C7A003D0094C71B /* Proyecto2Tests.swift */,
				8C7483251C7A003D0094C71B /* Info.plist */,
			);
			path = Proyecto2Tests;
			sourceTree = "<group>";
		};
		8C74832D1C7A003D0094C71B /* Proyecto2UITests */ = {
			isa = PBXGroup;
			children = (
				8C74832E1C7A003D0094C71B /* Proyecto2UITests.swift */,
				8C7483301C7A003D0094C71B /* Info.plist */,
			);
			path = Proyecto2UITests;
			sourceTree = "<group>";
		};
/* End PBXGroup section */

/* Begin PBXNativeTarget section */
		8C74830A1C7A003D0094C71B /* Proyecto2 */ = {
			isa = PBXNativeTarget;
			buildConfigurationList = 8C7483331C7A003D0094C71B /* Build configuration list for PBXNativeTarget "Proyecto2" */;
			buildPhases = (
				8C7483071C7A003D0094C71B /* Sources */,
				8C7483081C7A003D0094C71B /* Frameworks */,
				8C7483091C7A003D0094C71B /* Resources */,
			);
			buildRules = (
			);
			dependencies = (
			);
			name = Proyecto2;
			productName = Proyecto2;
			productReference = 8C74830B1C7A003D0094C71B /* Proyecto2.app */;
			productType = "com.apple.product-type.application";
		};
		8C74831E1C7A003D0094C71B /* Proyecto2Tests */ = {
			isa = PBXNativeTarget;
			buildConfigurationList = 8C7483361C7A003D0094C71B /* Build configuration list for PBXNativeTarget "Proyecto2Tests" */;
			buildPhases = (
				8C74831B1C7A003D0094C71B /* Sources */,
				8C74831C1C7A003D0094C71B /* Frameworks */,
				8C74831D1C7A003D0094C71B /* Resources */,
			);
			buildRules = (
			);
			dependencies = (
				8C7483211C7A003D0094C71B /* PBXTargetDependency */,
			);
			name = Proyecto2Tests;
			productName = Proyecto2Tests;
			productReference = 8C74831F1C7A003D0094C71B /* Proyecto2Tests.xctest */;
			productType = "com.apple.product-type.bundle.unit-test";
		};
		8C7483291C7A003D0094C71B /* Proyecto2UITests */ = {
			isa = PBXNativeTarget;
			buildConfigurationList = 8C7483391C7A003D0094C71B /* Build configuration list for PBXNativeTarget "Proyecto2UITests" */;
			buildPhases = (
				8C7483261C7A003D0094C71B /* Sources */,
				8C7483271C7A003D0094C71B /* Frameworks */,
				8C7483281C7A003D0094C71B /* Resources */,
			);
			buildRules = (
			);
			dependencies = (
				8C74832C1C7A003D0094C71B /* PBXTargetDependency */,
			);
			name = Proyecto2UITests;
			productName = Proyecto2UITests;
			productReference = 8C74832A1C7A003D0094C71B /* Proyecto2UITests.xctest */;
			productType = "com.apple.product-type.bundle.ui-testing";
		};
/* End PBXNativeTarget section */

/* Begin PBXProject section */
		8C7483031C7A003D0094C71B /* Project object */ = {
			isa = PBXProject;
			attributes = {
				LastSwiftUpdateCheck = 0730;
				LastUpgradeCheck = 0730;
				ORGANIZATIONNAME = "Ricardo Adolfo Malagón Ganado";
				TargetAttributes = {
					8C74830A1C7A003D0094C71B = {
						CreatedOnToolsVersion = 7.3;
					};
					8C74831E1C7A003D0094C71B = {
						CreatedOnToolsVersion = 7.3;
						TestTargetID = 8C74830A1C7A003D0094C71B;
					};
					8C7483291C7A003D0094C71B = {
						CreatedOnToolsVersion = 7.3;
						TestTargetID = 8C74830A1C7A003D0094C71B;
					};
				};
			};
			buildConfigurationList = 8C7483061C7A003D0094C71B /* Build configuration list for PBXProject "Proyecto2" */;
			compatibilityVersion = "Xcode 3.2";
			developmentRegion = English;
			hasScannedForEncodings = 0;
			knownRegions = (
				en,
				Base,
			);
			mainGroup = 8C7483021C7A003D0094C71B;
			productRefGroup = 8C74830C1C7A003D0094C71B /* Products */;
			projectDirPath = "";
			projectRoot = "";
			targets = (
				8C74830A1C7A003D0094C71B /* Proyecto2 */,
				8C74831E1C7A003D0094C71B /* Proyecto2Tests */,
				8C7483291C7A003D0094C71B /* Proyecto2UITests */,
			);
		};
/* End PBXProject section */

/* Begin PBXResourcesBuildPhase section */
		8C7483091C7A003D0094C71B /* Resources */ = {
			isa = PBXResourcesBuildPhase;
			buildActionMask = 2147483647;
			files = (
				8C7483191C7A003D0094C71B /* LaunchScreen.storyboard in Resources */,
				8C7483161C7A003D0094C71B /* Assets.xcassets in Resources */,
				8C7483141C7A003D0094C71B /* Main.storyboard in Resources */,
			);
			runOnlyForDeploymentPostprocessing = 0;
		};
		8C74831D1C7A003D0094C71B /* Resources */ = {
			isa = PBXResourcesBuildPhase;
			buildActionMask = 2147483647;
			files = (
			);
			runOnlyForDeploymentPostprocessing = 0;
		};
		8C7483281C7A003D0094C71B /* Resources */ = {
			isa = PBXResourcesBuildPhase;
			buildActionMask = 2147483647;
			files = (
			);
			runOnlyForDeploymentPostprocessing = 0;
		};
/* End PBXResourcesBuildPhase section */

/* Begin PBXSourcesBuildPhase section */
		8C7483071C7A003D0094C71B /* Sources */ = {
			isa = PBXSourcesBuildPhase;
			buildActionMask = 2147483647;
			files = (
				8C7483111C7A003D0094C71B /* ViewController.swift in Sources */,
				8C74830F1C7A003D0094C71B /* AppDelegate.swift in Sources */,
			);
			runOnlyForDeploymentPostprocessing = 0;
		};
		8C74831B1C7A003D0094C71B /* Sources */ = {
			isa = PBXSourcesBuildPhase;
			buildActionMask = 2147483647;
			files = (
				8C7483241C7A003D0094C71B /* Proyecto2Tests.swift in Sources */,
			);
			runOnlyForDeploymentPostprocessing = 0;
		};
		8C7483261C7A003D0094C71B /* Sources */ = {
			isa = PBXSourcesBuildPhase;
			buildActionMask = 2147483647;
			files = (
				8C74832F1C7A003D0094C71B /* Proyecto2UITests.swift in Sources */,
			);
			runOnlyForDeploymentPostprocessing = 0;
		};
/* End PBXSourcesBuildPhase section */

/* Begin PBXTargetDependency section */
		8C7483211C7A003D0094C71B /* PBXTargetDependency */ = {
			isa = PBXTargetDependency;
			target = 8C74830A1C7A003D0094C71B /* Proyecto2 */;
			targetProxy = 8C7483201C7A003D0094C71B /* PBXContainerItemProxy */;
		};
		8C74832C1C7A003D0094C71B /* PBXTargetDependency */ = {
			isa = PBXTargetDependency;
			target = 8C74830A1C7A003D0094C71B /* Proyecto2 */;
			targetProxy = 8C74832B1C7A003D0094C71B /* PBXContainerItemProxy */;
		};
/* End PBXTargetDependency section */

/* Begin PBXVariantGroup section */
		8C7483121C7A003D0094C71B /* Main.storyboard */ = {
			isa = PBXVariantGroup;
			children = (
				8C7483131C7A003D0094C71B /* Base */,
			);
			name = Main.storyboard;
			sourceTree = "<group>";
		};
		8C7483171C7A003D0094C71B /* LaunchScreen.storyboard */ = {
			isa = PBXVariantGroup;
			children = (
				8C7483181C7A003D0094C71B /* Base */,
			);
			name = LaunchScreen.storyboard;
			sourceTree = "<group>";
		};
/* End PBXVariantGroup section */

/* Begin XCBuildConfiguration section */
		8C7483311C7A003D0094C71B /* Debug */ = {
			isa = XCBuildConfiguration;
			buildSettings = {
				ALWAYS_SEARCH_USER_PATHS = NO;
				CLANG_CXX_LANGUAGE_STANDARD = "gnu++0x";
				CLANG_CXX_LIBRARY = "libc++";
				CLANG_ENABLE_MODULES = YES;
				CLANG_ENABLE_OBJC_ARC = YES;
				CLANG_WARN_BOOL_CONVERSION = YES;
				CLANG_WARN_CONSTANT_CONVERSION = YES;
				CLANG_WARN_DIRECT_OBJC_ISA_USAGE = YES_ERROR;
				CLANG_WARN_EMPTY_BODY = YES;
				CLANG_WARN_ENUM_CONVERSION = YES;
				CLANG_WARN_INT_CONVERSION = YES;
				CLANG_WARN_OBJC_ROOT_CLASS = YES_ERROR;
				CLANG_WARN_UNREACHABLE_CODE = YES;
				CLANG_WARN__DUPLICATE_METHOD_MATCH = YES;
				"CODE_SIGN_IDENTITY[sdk=iphoneos*]" = "iPhone Developer";
				COPY_PHASE_STRIP = NO;
				DEBUG_INFORMATION_FORMAT = dwarf;
				ENABLE_STRICT_OBJC_MSGSEND = YES;
				ENABLE_TESTABILITY = YES;
				GCC_C_LANGUAGE_STANDARD = gnu99;
				GCC_DYNAMIC_NO_PIC = NO;
				GCC_NO_COMMON_BLOCKS = YES;
				GCC_OPTIMIZATION_LEVEL = 0;
				GCC_PREPROCESSOR_DEFINITIONS = (
					"DEBUG=1",
					"$(inherited)",
				);
				GCC_WARN_64_TO_32_BIT_CONVERSION = YES;
				GCC_WARN_ABOUT_RETURN_TYPE = YES_ERROR;
				GCC_WARN_UNDECLARED_SELECTOR = YES;
				GCC_WARN_UNINITIALIZED_AUTOS = YES_AGGRESSIVE;
				GCC_WARN_UNUSED_FUNCTION = YES;
				GCC_WARN_UNUSED_VARIABLE = YES;
				IPHONEOS_DEPLOYMENT_TARGET = 9.3;
				MTL_ENABLE_DEBUG_INFO = YES;
				ONLY_ACTIVE_ARCH = YES;
				SDKROOT = iphoneos;
				SWIFT_OPTIMIZATION_LEVEL = "-Onone";
			};
			name = Debug;
		};
		8C7483321C7A003D0094C71B /* Release */ = {
			isa = XCBuildConfiguration;
			buildSettings = {
				ALWAYS_SEARCH_USER_PATHS = NO;
				CLANG_CXX_LANGUAGE_STANDARD = "gnu++0x";
				CLANG_CXX_LIBRARY = "libc++";
				CLANG_ENABLE_MODULES = YES;
				CLANG_ENABLE_OBJC_ARC = YES;
				CLANG_WARN_BOOL_CONVERSION = YES;
				CLANG_WARN_CONSTANT_CONVERSION = YES;
				CLANG_WARN_DIRECT_OBJC_ISA_USAGE = YES_ERROR;
				CLANG_WARN_EMPTY_BODY = YES;
				CLANG_WARN_ENUM_CONVERSION = YES;
				CLANG_WARN_INT_CONVERSION = YES;
				CLANG_WARN_OBJC_ROOT_CLASS = YES_ERROR;
				CLANG_WARN_UNREACHABLE_CODE = YES;
				CLANG_WARN__DUPLICATE_METHOD_MATCH = YES;
				"CODE_SIGN_IDENTITY[sdk=iphoneos*]" = "iPhone Developer";
				COPY_PHASE_STRIP = NO;
				DEBUG_INFORMATION_FORMAT = "dwarf-with-dsym";
				ENABLE_NS_ASSERTIONS = NO;
				ENABLE_STRICT_OBJC_MSGSEND = YES;
				GCC_C_LANGUAGE_STANDARD = gnu99;
				GCC_NO_COMMON_BLOCKS = YES;
				GCC_WARN_64_TO_32_BIT_CONVERSION = YES;
				GCC_WARN_ABOUT_RETURN_TYPE = YES_ERROR;
				GCC_WARN_UNDECLARED_SELECTOR = YES;
				GCC_WARN_UNINITIALIZED_AUTOS = YES_AGGRESSIVE;
				GCC_WARN_UNUSED_FUNCTION = YES;
				GCC_WARN_UNUSED_VARIABLE = YES;
				IPHONEOS_DEPLOYMENT_TARGET = 9.3;
				MTL_ENABLE_DEBUG_INFO = NO;
				SDKROOT = iphoneos;
				VALIDATE_PRODUCT = YES;
			};
			name = Release;
		};
		8C7483341C7A003D0094C71B /* Debug */ = {
			isa = XCBuildConfiguration;
			buildSettings = {
				ASSETCATALOG_COMPILER_APPICON_NAME = AppIcon;
				INFOPLIST_FILE = Proyecto2/Info.plist;
				LD_RUNPATH_SEARCH_PATHS = "$(inherited) @executable_path/Frameworks";
				PRODUCT_BUNDLE_IDENTIFIER = RAMG.Proyecto2;
				PRODUCT_NAME = "$(TARGET_NAME)";
			};
			name = Debug;
		};
		8C7483351C7A003D0094C71B /* Release */ = {
			isa = XCBuildConfiguration;
			buildSettings = {
				ASSETCATALOG_COMPILER_APPICON_NAME = AppIcon;
				INFOPLIST_FILE = Proyecto2/Info.plist;
				LD_RUNPATH_SEARCH_PATHS = "$(inherited) @executable_path/Frameworks";
				PRODUCT_BUNDLE_IDENTIFIER = RAMG.Proyecto2;
				PRODUCT_NAME = "$(TARGET_NAME)";
			};
			name = Release;
		};
		8C7483371C7A003D0094C71B /* Debug */ = {
			isa = XCBuildConfiguration;
			buildSettings = {
				BUNDLE_LOADER = "$(TEST_HOST)";
				INFOPLIST_FILE = Proyecto2Tests/Info.plist;
				LD_RUNPATH_SEARCH_PATHS = "$(inherited) @executable_path/Frameworks @loader_path/Frameworks";
				PRODUCT_BUNDLE_IDENTIFIER = RAMG.Proyecto2Tests;
				PRODUCT_NAME = "$(TARGET_NAME)";
				TEST_HOST = "$(BUILT_PRODUCTS_DIR)/Proyecto2.app/Proyecto2";
			};
			name = Debug;
		};
		8C7483381C7A003D0094C71B /* Release */ = {
			isa = XCBuildConfiguration;
			buildSettings = {
				BUNDLE_LOADER = "$(TEST_HOST)";
				INFOPLIST_FILE = Proyecto2Tests/Info.plist;
				LD_RUNPATH_SEARCH_PATHS = "$(inherited) @executable_path/Frameworks @loader_path/Frameworks";
				PRODUCT_BUNDLE_IDENTIFIER = RAMG.Proyecto2Tests;
				PRODUCT_NAME = "$(TARGET_NAME)";
				TEST_HOST = "$(BUILT_PRODUCTS_DIR)/Proyecto2.app/Proyecto2";
			};
			name = Release;
		};
		8C74833A1C7A003D0094C71B /* Debug */ = {
			isa = XCBuildConfiguration;
			buildSettings = {
				INFOPLIST_FILE = Proyecto2UITests/Info.plist;
				LD_RUNPATH_SEARCH_PATHS = "$(inherited) @executable_path/Frameworks @loader_path/Frameworks";
				PRODUCT_BUNDLE_IDENTIFIER = RAMG.Proyecto2UITests;
				PRODUCT_NAME = "$(TARGET_NAME)";
				TEST_TARGET_NAME = Proyecto2;
			};
			name = Debug;
		};
		8C74833B1C7A003D0094C71B /* Release */ = {
			isa = XCBuildConfiguration;
			buildSettings = {
				INFOPLIST_FILE = Proyecto2UITests/Info.plist;
				LD_RUNPATH_SEARCH_PATHS = "$(inherited) @executable_path/Frameworks @loader_path/Frameworks";
				PRODUCT_BUNDLE_IDENTIFIER = RAMG.Proyecto2UITests;
				PRODUCT_NAME = "$(TARGET_NAME)";
				TEST_TARGET_NAME = Proyecto2;
			};
			name = Release;
		};
/* End XCBuildConfiguration section */

/* Begin XCConfigurationList section */
		8C7483061C7A003D0094C71B /* Build configuration list for PBXProject "Proyecto2" */ = {
			isa = XCConfigurationList;
			buildConfigurations = (
				8C7483311C7A003D0094C71B /* Debug */,
				8C7483321C7A003D0094C71B /* Release */,
			);
			defaultConfigurationIsVisible = 0;
			defaultConfigurationName = Release;
		};
		8C7483331C7A003D0094C71B /* Build configuration list for PBXNativeTarget "Proyecto2" */ = {
			isa = XCConfigurationList;
			buildConfigurations = (
				8C7483341C7A003D0094C71B /* Debug */,
				8C7483351C7A003D0094C71B /* Release */,
			);
			defaultConfigurationIsVisible = 0;
		};
		8C7483361C7A003D0094C71B /* Build configuration list for PBXNativeTarget "Proyecto2Tests" */ = {
			isa = XCConfigurationList;
			buildConfigurations = (
				8C7483371C7A003D0094C71B /* Debug */,
				8C7483381C7A003D0094C71B /* Release */,
			);
			defaultConfigurationIsVisible = 0;
		};
		8C7483391C7A003D0094C71B /* Build configuration list for PBXNativeTarget "Proyecto2UITests" */ = {
			isa = XCConfigurationList;
			buildConfigurations = (
				8C74833A1C7A003D0094C71B /* Debug */,
				8C74833B1C7A003D0094C71B /* Release */,
			);
			defaultConfigurationIsVisible = 0;
		};
/* End XCConfigurationList section */
	};
	rootObject = 8C7483031C7A003D0094C71B /* Project object */;
}
